
Microsoft Visual Studio Solution File, Format Version 12.00
# Visual Studio Version 16
VisualStudioVersion = 16.0.28729.10
MinimumVisualStudioVersion = 10.0.40219.1
Project("{9A19103F-16F7-4668-BE54-9A1E7A4F7556}") = "Coderbyte.First_Factorial", "CodeAssessmentRepository\Coderbyte.First_Factorial.csproj", "{1156ECC8-CEED-476D-9F87-EB2DF4499A42}"
EndProject
Project("{FAE04EC0-301F-11D3-BF4B-00C04F79EFBC}") = "Coderbyte.First_Reverse", "Coderbyte.First_Reverse\Coderbyte.First_Reverse.csproj", "{60A713AE-3A96-4C31-957E-0307AB9F025E}"
EndProject
Global
	GlobalSection(SolutionConfigurationPlatforms) = preSolution
		Debug|Any CPU = Debug|Any CPU
		Release|Any CPU = Release|Any CPU
	EndGlobalSection
	GlobalSection(ProjectConfigurationPlatforms) = postSolution
		{1156ECC8-CEED-476D-9F87-EB2DF4499A42}.Debug|Any CPU.ActiveCfg = Debug|Any CPU
		{1156ECC8-CEED-476D-9F87-EB2DF4499A42}.Debug|Any CPU.Build.0 = Debug|Any CPU
		{1156ECC8-CEED-476D-9F87-EB2DF4499A42}.Release|Any CPU.ActiveCfg = Release|Any CPU
		{1156ECC8-CEED-476D-9F87-EB2DF4499A42}.Release|Any CPU.Build.0 = Release|Any CPU
		{60A713AE-3A96-4C31-957E-0307AB9F025E}.Debug|Any CPU.ActiveCfg = Debug|Any CPU
		{60A713AE-3A96-4C31-957E-0307AB9F025E}.Debug|Any CPU.Build.0 = Debug|Any CPU
		{60A713AE-3A96-4C31-957E-0307AB9F025E}.Release|Any CPU.ActiveCfg = Release|Any CPU
		{60A713AE-3A96-4C31-957E-0307AB9F025E}.Release|Any CPU.Build.0 = Release|Any CPU
	EndGlobalSection
	GlobalSection(SolutionProperties) = preSolution
		HideSolutionNode = FALSE
	EndGlobalSection
	GlobalSection(ExtensibilityGlobals) = postSolution
		SolutionGuid = {30455672-347B-42D5-AA96-5AFAEB1CCD04}
	EndGlobalSection
EndGlobal
